
Microsoft Visual Studio Solution File, Format Version 12.00
# Visual Studio Version 18
VisualStudioVersion = 18.4.11612.150
MinimumVisualStudioVersion = 10.0.40219.1
Project("{FAE04EC0-301F-11D3-BF4B-00C04F79EFBC}") = "AudioScript", "AudioScript.csproj", "{D280F3A7-2F71-68E7-D215-1178F691123B}"
EndProject
Global
	GlobalSection(SolutionConfigurationPlatforms) = preSolution
		Debug|Any CPU = Debug|Any CPU
		Debug|x64 = Debug|x64
		Release|Any CPU = Release|Any CPU
		Release|x64 = Release|x64
	EndGlobalSection
	GlobalSection(ProjectConfigurationPlatforms) = postSolution
		{D280F3A7-2F71-68E7-D215-1178F691123B}.Debug|Any CPU.ActiveCfg = Debug|Any CPU
		{D280F3A7-2F71-68E7-D215-1178F691123B}.Debug|Any CPU.Build.0 = Debug|Any CPU
		{D280F3A7-2F71-68E7-D215-1178F691123B}.Debug|x64.ActiveCfg = Debug|Any CPU
		{D280F3A7-2F71-68E7-D215-1178F691123B}.Debug|x64.Build.0 = Debug|Any CPU
		{D280F3A7-2F71-68E7-D215-1178F691123B}.Release|Any CPU.ActiveCfg = Release|Any CPU
		{D280F3A7-2F71-68E7-D215-1178F691123B}.Release|Any CPU.Build.0 = Release|Any CPU
		{D280F3A7-2F71-68E7-D215-1178F691123B}.Release|x64.ActiveCfg = Release|Any CPU
		{D280F3A7-2F71-68E7-D215-1178F691123B}.Release|x64.Build.0 = Release|Any CPU
	EndGlobalSection
	GlobalSection(SolutionProperties) = preSolution
		HideSolutionNode = FALSE
	EndGlobalSection
	GlobalSection(ExtensibilityGlobals) = postSolution
		SolutionGuid = {9BD0D9F7-414F-4D33-BFEF-32F51C612CB4}
	EndGlobalSection
EndGlobal
